
Microsoft Visual Studio Solution File, Format Version 12.00
# Visual Studio Version 17
VisualStudioVersion = 17.0.32112.339
MinimumVisualStudioVersion = 10.0.40219.1
Project("{9A19103F-16F7-4668-BE54-9A1E7A4F7556}") = "LubimyCzytac", "LubimyCzytac\LubimyCzytac.csproj", "{0137250A-0D22-470C-A9DF-74E2B27091AD}"
EndProject
Project("{9A19103F-16F7-4668-BE54-9A1E7A4F7556}") = "LubimyCzytac.Model", "LubimyCzytac.Model\LubimyCzytac.Model.csproj", "{30CDF5B8-06C5-41E7-8716-BDF48A81AA7C}"
EndProject
Project("{9A19103F-16F7-4668-BE54-9A1E7A4F7556}") = "LubimyCzytac.MVC", "LubimyCzytac.MVC\LubimyCzytac.MVC.csproj", "{09CDECF4-7A9A-4F52-ACAE-918495E8A59A}"
EndProject
Global
	GlobalSection(SolutionConfigurationPlatforms) = preSolution
		Debug|Any CPU = Debug|Any CPU
		Release|Any CPU = Release|Any CPU
	EndGlobalSection
	GlobalSection(ProjectConfigurationPlatforms) = postSolution
		{0137250A-0D22-470C-A9DF-74E2B27091AD}.Debug|Any CPU.ActiveCfg = Debug|Any CPU
		{0137250A-0D22-470C-A9DF-74E2B27091AD}.Debug|Any CPU.Build.0 = Debug|Any CPU
		{0137250A-0D22-470C-A9DF-74E2B27091AD}.Release|Any CPU.ActiveCfg = Release|Any CPU
		{0137250A-0D22-470C-A9DF-74E2B27091AD}.Release|Any CPU.Build.0 = Release|Any CPU
		{30CDF5B8-06C5-41E7-8716-BDF48A81AA7C}.Debug|Any CPU.ActiveCfg = Debug|Any CPU
		{30CDF5B8-06C5-41E7-8716-BDF48A81AA7C}.Debug|Any CPU.Build.0 = Debug|Any CPU
		{30CDF5B8-06C5-41E7-8716-BDF48A81AA7C}.Release|Any CPU.ActiveCfg = Release|Any CPU
		{30CDF5B8-06C5-41E7-8716-BDF48A81AA7C}.Release|Any CPU.Build.0 = Release|Any CPU
		{09CDECF4-7A9A-4F52-ACAE-918495E8A59A}.Debug|Any CPU.ActiveCfg = Debug|Any CPU
		{09CDECF4-7A9A-4F52-ACAE-918495E8A59A}.Debug|Any CPU.Build.0 = Debug|Any CPU
		{09CDECF4-7A9A-4F52-ACAE-918495E8A59A}.Release|Any CPU.ActiveCfg = Release|Any CPU
		{09CDECF4-7A9A-4F52-ACAE-918495E8A59A}.Release|Any CPU.Build.0 = Release|Any CPU
	EndGlobalSection
	GlobalSection(SolutionProperties) = preSolution
		HideSolutionNode = FALSE
	EndGlobalSection
	GlobalSection(ExtensibilityGlobals) = postSolution
		SolutionGuid = {C349AD55-25BA-49DB-BBA0-2062147DAC85}
	EndGlobalSection
EndGlobal
